
Microsoft Visual Studio Solution File, Format Version 12.00
# Visual Studio 15
VisualStudioVersion = 15.0.28307.489
MinimumVisualStudioVersion = 10.0.40219.1
Project("{FAE04EC0-301F-11D3-BF4B-00C04F79EFBC}") = "ConturZipper", "ConturZipper\ConturZipper.csproj", "{A68D1FFF-065C-438A-A8DE-558B99865374}"
EndProject
Project("{FAE04EC0-301F-11D3-BF4B-00C04F79EFBC}") = "ExMath", "ExMath\ExMath.csproj", "{D1304601-3D55-4E38-B749-6F3E5AC2105D}"
EndProject
Project("{FAE04EC0-301F-11D3-BF4B-00C04F79EFBC}") = "ShakySnake", "ShakySnake\ShakySnake.csproj", "{94C4C2DE-52EC-4182-98A3-F3E8D9EFF032}"
EndProject
Project("{FAE04EC0-301F-11D3-BF4B-00C04F79EFBC}") = "Test", "Test\Test.csproj", "{959372A5-29BF-45AA-A072-82168F130788}"
EndProject
Project("{FAE04EC0-301F-11D3-BF4B-00C04F79EFBC}") = "SQLiteAPI", "SQLiteAPI\SQLiteAPI.csproj", "{B1CAC702-AC5C-46C1-BE2A-80638D7FF2A7}"
EndProject
Project("{FAE04EC0-301F-11D3-BF4B-00C04F79EFBC}") = "JSONSerializer", "JSONSerializer\JSONSerializer.csproj", "{B04EBB0D-05A5-4B11-95D7-D6E70A89C535}"
EndProject
Project("{FAE04EC0-301F-11D3-BF4B-00C04F79EFBC}") = "GitTask", "GitTask.csproj\GitTask.csproj", "{58B9F14A-0588-4875-A045-7CBE0CAB8A7B}"
EndProject
Project("{FAE04EC0-301F-11D3-BF4B-00C04F79EFBC}") = "ImageParser", "ImageParser.csproj\ImageParser.csproj", "{23AB99A4-9687-429F-91B8-F750E9A1B1E8}"
EndProject
Project("{FAE04EC0-301F-11D3-BF4B-00C04F79EFBC}") = "Useful", "Useful\Useful.csproj", "{456F5E4A-3366-49F3-A09D-14885B6F8769}"
EndProject
Project("{FAE04EC0-301F-11D3-BF4B-00C04F79EFBC}") = "Graphs", "Graphs\Graphs.csproj", "{602A4472-4CD0-4FBE-BC8A-D198A75CFDD4}"
EndProject
Project("{FAE04EC0-301F-11D3-BF4B-00C04F79EFBC}") = "BooksAndShelvesTask", "BooksAndShelvesTask\BooksAndShelvesTask.csproj", "{346EE882-EA8E-4A3B-8045-11CE15886F13}"
EndProject
Project("{FAE04EC0-301F-11D3-BF4B-00C04F79EFBC}") = "WpfApp1", "WpfApp1\WpfApp1.csproj", "{6A71CF43-1B46-4BF5-8EEE-C517FFBED922}"
EndProject
Global
	GlobalSection(SolutionConfigurationPlatforms) = preSolution
		Debug|Any CPU = Debug|Any CPU
		Release|Any CPU = Release|Any CPU
	EndGlobalSection
	GlobalSection(ProjectConfigurationPlatforms) = postSolution
		{A68D1FFF-065C-438A-A8DE-558B99865374}.Release|Any CPU.ActiveCfg = Release|Any CPU
		{A68D1FFF-065C-438A-A8DE-558B99865374}.Release|Any CPU.Build.0 = Release|Any CPU
		{A68D1FFF-065C-438A-A8DE-558B99865374}.Debug|Any CPU.ActiveCfg = Debug|Any CPU
		{A68D1FFF-065C-438A-A8DE-558B99865374}.Debug|Any CPU.Build.0 = Debug|Any CPU
		{D1304601-3D55-4E38-B749-6F3E5AC2105D}.Release|Any CPU.ActiveCfg = Release|Any CPU
		{D1304601-3D55-4E38-B749-6F3E5AC2105D}.Release|Any CPU.Build.0 = Release|Any CPU
		{D1304601-3D55-4E38-B749-6F3E5AC2105D}.Debug|Any CPU.ActiveCfg = Debug|Any CPU
		{D1304601-3D55-4E38-B749-6F3E5AC2105D}.Debug|Any CPU.Build.0 = Debug|Any CPU
		{94C4C2DE-52EC-4182-98A3-F3E8D9EFF032}.Release|Any CPU.ActiveCfg = Release|Any CPU
		{94C4C2DE-52EC-4182-98A3-F3E8D9EFF032}.Release|Any CPU.Build.0 = Release|Any CPU
		{94C4C2DE-52EC-4182-98A3-F3E8D9EFF032}.Debug|Any CPU.ActiveCfg = Debug|Any CPU
		{94C4C2DE-52EC-4182-98A3-F3E8D9EFF032}.Debug|Any CPU.Build.0 = Debug|Any CPU
		{959372A5-29BF-45AA-A072-82168F130788}.Debug|Any CPU.ActiveCfg = Debug|Any CPU
		{959372A5-29BF-45AA-A072-82168F130788}.Debug|Any CPU.Build.0 = Debug|Any CPU
		{959372A5-29BF-45AA-A072-82168F130788}.Release|Any CPU.ActiveCfg = Release|Any CPU
		{959372A5-29BF-45AA-A072-82168F130788}.Release|Any CPU.Build.0 = Release|Any CPU
		{B1CAC702-AC5C-46C1-BE2A-80638D7FF2A7}.Debug|Any CPU.ActiveCfg = Debug|Any CPU
		{B1CAC702-AC5C-46C1-BE2A-80638D7FF2A7}.Debug|Any CPU.Build.0 = Debug|Any CPU
		{B1CAC702-AC5C-46C1-BE2A-80638D7FF2A7}.Release|Any CPU.ActiveCfg = Release|Any CPU
		{B1CAC702-AC5C-46C1-BE2A-80638D7FF2A7}.Release|Any CPU.Build.0 = Release|Any CPU
		{B04EBB0D-05A5-4B11-95D7-D6E70A89C535}.Debug|Any CPU.ActiveCfg = Debug|Any CPU
		{B04EBB0D-05A5-4B11-95D7-D6E70A89C535}.Debug|Any CPU.Build.0 = Debug|Any CPU
		{B04EBB0D-05A5-4B11-95D7-D6E70A89C535}.Release|Any CPU.ActiveCfg = Release|Any CPU
		{B04EBB0D-05A5-4B11-95D7-D6E70A89C535}.Release|Any CPU.Build.0 = Release|Any CPU
		{58B9F14A-0588-4875-A045-7CBE0CAB8A7B}.Debug|Any CPU.ActiveCfg = Debug|Any CPU
		{58B9F14A-0588-4875-A045-7CBE0CAB8A7B}.Debug|Any CPU.Build.0 = Debug|Any CPU
		{58B9F14A-0588-4875-A045-7CBE0CAB8A7B}.Release|Any CPU.ActiveCfg = Release|Any CPU
		{58B9F14A-0588-4875-A045-7CBE0CAB8A7B}.Release|Any CPU.Build.0 = Release|Any CPU
		{23AB99A4-9687-429F-91B8-F750E9A1B1E8}.Debug|Any CPU.ActiveCfg = Debug|Any CPU
		{23AB99A4-9687-429F-91B8-F750E9A1B1E8}.Debug|Any CPU.Build.0 = Debug|Any CPU
		{23AB99A4-9687-429F-91B8-F750E9A1B1E8}.Release|Any CPU.ActiveCfg = Release|Any CPU
		{23AB99A4-9687-429F-91B8-F750E9A1B1E8}.Release|Any CPU.Build.0 = Release|Any CPU
		{456F5E4A-3366-49F3-A09D-14885B6F8769}.Debug|Any CPU.ActiveCfg = Debug|Any CPU
		{456F5E4A-3366-49F3-A09D-14885B6F8769}.Debug|Any CPU.Build.0 = Debug|Any CPU
		{456F5E4A-3366-49F3-A09D-14885B6F8769}.Release|Any CPU.ActiveCfg = Release|Any CPU
		{456F5E4A-3366-49F3-A09D-14885B6F8769}.Release|Any CPU.Build.0 = Release|Any CPU
		{602A4472-4CD0-4FBE-BC8A-D198A75CFDD4}.Debug|Any CPU.ActiveCfg = Debug|Any CPU
		{602A4472-4CD0-4FBE-BC8A-D198A75CFDD4}.Debug|Any CPU.Build.0 = Debug|Any CPU
		{602A4472-4CD0-4FBE-BC8A-D198A75CFDD4}.Release|Any CPU.ActiveCfg = Release|Any CPU
		{602A4472-4CD0-4FBE-BC8A-D198A75CFDD4}.Release|Any CPU.Build.0 = Release|Any CPU
		{346EE882-EA8E-4A3B-8045-11CE15886F13}.Debug|Any CPU.ActiveCfg = Debug|Any CPU
		{346EE882-EA8E-4A3B-8045-11CE15886F13}.Debug|Any CPU.Build.0 = Debug|Any CPU
		{346EE882-EA8E-4A3B-8045-11CE15886F13}.Release|Any CPU.ActiveCfg = Release|Any CPU
		{346EE882-EA8E-4A3B-8045-11CE15886F13}.Release|Any CPU.Build.0 = Release|Any CPU
		{6A71CF43-1B46-4BF5-8EEE-C517FFBED922}.Debug|Any CPU.ActiveCfg = Debug|Any CPU
		{6A71CF43-1B46-4BF5-8EEE-C517FFBED922}.Debug|Any CPU.Build.0 = Debug|Any CPU
		{6A71CF43-1B46-4BF5-8EEE-C517FFBED922}.Release|Any CPU.ActiveCfg = Release|Any CPU
		{6A71CF43-1B46-4BF5-8EEE-C517FFBED922}.Release|Any CPU.Build.0 = Release|Any CPU
	EndGlobalSection
	GlobalSection(SolutionProperties) = preSolution
		HideSolutionNode = FALSE
	EndGlobalSection
	GlobalSection(ExtensibilityGlobals) = postSolution
		SolutionGuid = {FE4E8D8F-DC96-41A4-AB2A-301236E05BC8}
	EndGlobalSection
EndGlobal
